
Microsoft Visual Studio Solution File, Format Version 12.00
# Visual Studio 15
Project("{FAE04EC0-301F-11D3-BF4B-00C04F79EFBC}") = "Assembly-CSharp", "Assembly-CSharp.csproj", "{CBF44976-38F1-C115-A971-CAC3A224A6F0}"
EndProject
Project("{FAE04EC0-301F-11D3-BF4B-00C04F79EFBC}") = "Assembly-CSharp-Editor", "Assembly-CSharp-Editor.csproj", "{70EFC00E-8DE3-47D7-FC2F-84F39D7E1B0F}"
EndProject
Global
	GlobalSection(SolutionConfigurationPlatforms) = preSolution
		Debug|Any CPU = Debug|Any CPU
		Release|Any CPU = Release|Any CPU
	EndGlobalSection
	GlobalSection(ProjectConfigurationPlatforms) = postSolution
		{CBF44976-38F1-C115-A971-CAC3A224A6F0}.Debug|Any CPU.ActiveCfg = Debug|Any CPU
		{CBF44976-38F1-C115-A971-CAC3A224A6F0}.Debug|Any CPU.Build.0 = Debug|Any CPU
		{CBF44976-38F1-C115-A971-CAC3A224A6F0}.Release|Any CPU.ActiveCfg = Release|Any CPU
		{CBF44976-38F1-C115-A971-CAC3A224A6F0}.Release|Any CPU.Build.0 = Release|Any CPU
		{70EFC00E-8DE3-47D7-FC2F-84F39D7E1B0F}.Debug|Any CPU.ActiveCfg = Debug|Any CPU
		{70EFC00E-8DE3-47D7-FC2F-84F39D7E1B0F}.Debug|Any CPU.Build.0 = Debug|Any CPU
		{70EFC00E-8DE3-47D7-FC2F-84F39D7E1B0F}.Release|Any CPU.ActiveCfg = Release|Any CPU
		{70EFC00E-8DE3-47D7-FC2F-84F39D7E1B0F}.Release|Any CPU.Build.0 = Release|Any CPU
	EndGlobalSection
	GlobalSection(SolutionProperties) = preSolution
		HideSolutionNode = FALSE
	EndGlobalSection
EndGlobal
